
Microsoft Visual Studio Solution File, Format Version 12.00
# Visual Studio Version 17
VisualStudioVersion = 17.10.35122.118
MinimumVisualStudioVersion = 10.0.40219.1
Project("{2150E333-8FDC-42A3-9474-1A3956D46DE8}") = "tests", "tests", "{F9F17C3B-7507-4CE5-8FAE-A95A09F6B82E}"
EndProject
Project("{2150E333-8FDC-42A3-9474-1A3956D46DE8}") = "src", "src", "{C4B92C08-D6ED-4B06-9C3F-D59829EA01BE}"
	ProjectSection(SolutionItems) = preProject
		.gitignore = .gitignore
		docker-compose.yml = docker-compose.yml
	EndProjectSection
EndProject
Project("{9A19103F-16F7-4668-BE54-9A1E7A4F7556}") = "CashFlow.Api", "src\CashFlow.Api\CashFlow.Api.csproj", "{198B942B-0294-4E1F-B776-56CB2FBD243A}"
EndProject
Project("{9A19103F-16F7-4668-BE54-9A1E7A4F7556}") = "CashFlow.Domain", "src\CashFlow.Domain\CashFlow.Domain.csproj", "{B1621897-01D5-4634-813F-D2A6BD7DC2FA}"
EndProject
Project("{9A19103F-16F7-4668-BE54-9A1E7A4F7556}") = "CashFlow.Application", "src\CashFlow.Application\CashFlow.Application.csproj", "{C2453CDD-F917-4C0F-A713-6FAAA9097438}"
EndProject
Project("{9A19103F-16F7-4668-BE54-9A1E7A4F7556}") = "CashFlow.Communication", "src\CashFlow.Communication\CashFlow.Communication.csproj", "{AACEAF21-1F09-4754-8707-F0DB3A8409D3}"
EndProject
Project("{9A19103F-16F7-4668-BE54-9A1E7A4F7556}") = "CashFlow.Exception", "src\CashFlow.Exception\CashFlow.Exception.csproj", "{CF30E402-91BC-4B7B-A30F-909AF9BA22B5}"
EndProject
Project("{9A19103F-16F7-4668-BE54-9A1E7A4F7556}") = "CashFlow.Infrastructure", "src\CashFlow.Infrastructure\CashFlow.Infrastructure.csproj", "{65C4E409-901A-44B8-AB96-D4107FA060FC}"
EndProject
Project("{9A19103F-16F7-4668-BE54-9A1E7A4F7556}") = "Validators.Tests", "tests\Validators.Tests\Validators.Tests.csproj", "{9ECA8B38-8FE0-4B6E-B7E4-BA2CB1705451}"
EndProject
Project("{9A19103F-16F7-4668-BE54-9A1E7A4F7556}") = "CommomTestUtilities", "tests\CommomTestUtilities\CommomTestUtilities.csproj", "{772A4E70-19A6-4CCE-8C4D-47303CA40697}"
EndProject
Global
	GlobalSection(SolutionConfigurationPlatforms) = preSolution
		Debug|Any CPU = Debug|Any CPU
		Release|Any CPU = Release|Any CPU
	EndGlobalSection
	GlobalSection(ProjectConfigurationPlatforms) = postSolution
		{198B942B-0294-4E1F-B776-56CB2FBD243A}.Debug|Any CPU.ActiveCfg = Debug|Any CPU
		{198B942B-0294-4E1F-B776-56CB2FBD243A}.Debug|Any CPU.Build.0 = Debug|Any CPU
		{198B942B-0294-4E1F-B776-56CB2FBD243A}.Release|Any CPU.ActiveCfg = Release|Any CPU
		{198B942B-0294-4E1F-B776-56CB2FBD243A}.Release|Any CPU.Build.0 = Release|Any CPU
		{B1621897-01D5-4634-813F-D2A6BD7DC2FA}.Debug|Any CPU.ActiveCfg = Debug|Any CPU
		{B1621897-01D5-4634-813F-D2A6BD7DC2FA}.Debug|Any CPU.Build.0 = Debug|Any CPU
		{B1621897-01D5-4634-813F-D2A6BD7DC2FA}.Release|Any CPU.ActiveCfg = Release|Any CPU
		{B1621897-01D5-4634-813F-D2A6BD7DC2FA}.Release|Any CPU.Build.0 = Release|Any CPU
		{C2453CDD-F917-4C0F-A713-6FAAA9097438}.Debug|Any CPU.ActiveCfg = Debug|Any CPU
		{C2453CDD-F917-4C0F-A713-6FAAA9097438}.Debug|Any CPU.Build.0 = Debug|Any CPU
		{C2453CDD-F917-4C0F-A713-6FAAA9097438}.Release|Any CPU.ActiveCfg = Release|Any CPU
		{C2453CDD-F917-4C0F-A713-6FAAA9097438}.Release|Any CPU.Build.0 = Release|Any CPU
		{AACEAF21-1F09-4754-8707-F0DB3A8409D3}.Debug|Any CPU.ActiveCfg = Debug|Any CPU
		{AACEAF21-1F09-4754-8707-F0DB3A8409D3}.Debug|Any CPU.Build.0 = Debug|Any CPU
		{AACEAF21-1F09-4754-8707-F0DB3A8409D3}.Release|Any CPU.ActiveCfg = Release|Any CPU
		{AACEAF21-1F09-4754-8707-F0DB3A8409D3}.Release|Any CPU.Build.0 = Release|Any CPU
		{CF30E402-91BC-4B7B-A30F-909AF9BA22B5}.Debug|Any CPU.ActiveCfg = Debug|Any CPU
		{CF30E402-91BC-4B7B-A30F-909AF9BA22B5}.Debug|Any CPU.Build.0 = Debug|Any CPU
		{CF30E402-91BC-4B7B-A30F-909AF9BA22B5}.Release|Any CPU.ActiveCfg = Release|Any CPU
		{CF30E402-91BC-4B7B-A30F-909AF9BA22B5}.Release|Any CPU.Build.0 = Release|Any CPU
		{65C4E409-901A-44B8-AB96-D4107FA060FC}.Debug|Any CPU.ActiveCfg = Debug|Any CPU
		{65C4E409-901A-44B8-AB96-D4107FA060FC}.Debug|Any CPU.Build.0 = Debug|Any CPU
		{65C4E409-901A-44B8-AB96-D4107FA060FC}.Release|Any CPU.ActiveCfg = Release|Any CPU
		{65C4E409-901A-44B8-AB96-D4107FA060FC}.Release|Any CPU.Build.0 = Release|Any CPU
		{9ECA8B38-8FE0-4B6E-B7E4-BA2CB1705451}.Debug|Any CPU.ActiveCfg = Debug|Any CPU
		{9ECA8B38-8FE0-4B6E-B7E4-BA2CB1705451}.Debug|Any CPU.Build.0 = Debug|Any CPU
		{9ECA8B38-8FE0-4B6E-B7E4-BA2CB1705451}.Release|Any CPU.ActiveCfg = Release|Any CPU
		{9ECA8B38-8FE0-4B6E-B7E4-BA2CB1705451}.Release|Any CPU.Build.0 = Release|Any CPU
		{772A4E70-19A6-4CCE-8C4D-47303CA40697}.Debug|Any CPU.ActiveCfg = Debug|Any CPU
		{772A4E70-19A6-4CCE-8C4D-47303CA40697}.Debug|Any CPU.Build.0 = Debug|Any CPU
		{772A4E70-19A6-4CCE-8C4D-47303CA40697}.Release|Any CPU.ActiveCfg = Release|Any CPU
		{772A4E70-19A6-4CCE-8C4D-47303CA40697}.Release|Any CPU.Build.0 = Release|Any CPU
	EndGlobalSection
	GlobalSection(SolutionProperties) = preSolution
		HideSolutionNode = FALSE
	EndGlobalSection
	GlobalSection(NestedProjects) = preSolution
		{198B942B-0294-4E1F-B776-56CB2FBD243A} = {C4B92C08-D6ED-4B06-9C3F-D59829EA01BE}
		{B1621897-01D5-4634-813F-D2A6BD7DC2FA} = {C4B92C08-D6ED-4B06-9C3F-D59829EA01BE}
		{C2453CDD-F917-4C0F-A713-6FAAA9097438} = {C4B92C08-D6ED-4B06-9C3F-D59829EA01BE}
		{AACEAF21-1F09-4754-8707-F0DB3A8409D3} = {C4B92C08-D6ED-4B06-9C3F-D59829EA01BE}
		{CF30E402-91BC-4B7B-A30F-909AF9BA22B5} = {C4B92C08-D6ED-4B06-9C3F-D59829EA01BE}
		{65C4E409-901A-44B8-AB96-D4107FA060FC} = {C4B92C08-D6ED-4B06-9C3F-D59829EA01BE}
		{9ECA8B38-8FE0-4B6E-B7E4-BA2CB1705451} = {F9F17C3B-7507-4CE5-8FAE-A95A09F6B82E}
		{772A4E70-19A6-4CCE-8C4D-47303CA40697} = {F9F17C3B-7507-4CE5-8FAE-A95A09F6B82E}
	EndGlobalSection
	GlobalSection(ExtensibilityGlobals) = postSolution
		SolutionGuid = {5EA3E22A-203F-43C6-9236-B8808BC818E6}
	EndGlobalSection
EndGlobal
